
Microsoft Visual Studio Solution File, Format Version 12.00
# Visual Studio Version 16
VisualStudioVersion = 25.0.1704.0
MinimumVisualStudioVersion = 10.0.40219.1
Project("{FAE04EC0-301F-11D3-BF4B-00C04F79EFBC}") = "Identity", "Identity\Identity.csproj", "{8784D9F6-8B30-4F7D-BDC8-DAAD7388E12E}"
EndProject
Global
	GlobalSection(SolutionConfigurationPlatforms) = preSolution
		Debug|Any CPU = Debug|Any CPU
		Release|Any CPU = Release|Any CPU
	EndGlobalSection
	GlobalSection(ProjectConfigurationPlatforms) = postSolution
		{8784D9F6-8B30-4F7D-BDC8-DAAD7388E12E}.Debug|Any CPU.ActiveCfg = Debug|Any CPU
		{8784D9F6-8B30-4F7D-BDC8-DAAD7388E12E}.Debug|Any CPU.Build.0 = Debug|Any CPU
		{8784D9F6-8B30-4F7D-BDC8-DAAD7388E12E}.Release|Any CPU.ActiveCfg = Release|Any CPU
		{8784D9F6-8B30-4F7D-BDC8-DAAD7388E12E}.Release|Any CPU.Build.0 = Release|Any CPU
	EndGlobalSection
	GlobalSection(SolutionProperties) = preSolution
		HideSolutionNode = FALSE
	EndGlobalSection
	GlobalSection(ExtensibilityGlobals) = postSolution
		SolutionGuid = {669FD9D5-2D1E-40FF-8B5D-79183A13815E}
	EndGlobalSection
EndGlobal
